
Microsoft Visual Studio Solution File, Format Version 12.00
# Visual Studio Version 16
VisualStudioVersion = 16.0.29306.81
MinimumVisualStudioVersion = 10.0.40219.1
Project("{FAE04EC0-301F-11D3-BF4B-00C04F79EFBC}") = "Sh@h", "Sh@h\Sh@h.csproj", "{BECA9C3D-1325-42D9-9B68-D849465D407E}"
EndProject
Global
	GlobalSection(SolutionConfigurationPlatforms) = preSolution
		Debug|Any CPU = Debug|Any CPU
		Release|Any CPU = Release|Any CPU
	EndGlobalSection
	GlobalSection(ProjectConfigurationPlatforms) = postSolution
		{BECA9C3D-1325-42D9-9B68-D849465D407E}.Debug|Any CPU.ActiveCfg = Debug|Any CPU
		{BECA9C3D-1325-42D9-9B68-D849465D407E}.Debug|Any CPU.Build.0 = Debug|Any CPU
		{BECA9C3D-1325-42D9-9B68-D849465D407E}.Release|Any CPU.ActiveCfg = Release|Any CPU
		{BECA9C3D-1325-42D9-9B68-D849465D407E}.Release|Any CPU.Build.0 = Release|Any CPU
	EndGlobalSection
	GlobalSection(SolutionProperties) = preSolution
		HideSolutionNode = FALSE
	EndGlobalSection
	GlobalSection(ExtensibilityGlobals) = postSolution
		SolutionGuid = {E09CED58-7407-4626-A0FD-960B98D7FCD7}
	EndGlobalSection
EndGlobal
